
Microsoft Visual Studio Solution File, Format Version 12.00
# Visual Studio Version 16
VisualStudioVersion = 16.0.30225.117
MinimumVisualStudioVersion = 10.0.40219.1
Project("{FAE04EC0-301F-11D3-BF4B-00C04F79EFBC}") = "HospitalManagement", "HospitalManagement\HospitalManagement.csproj", "{8233F548-8006-40A3-B5FB-73B08602919A}"
EndProject
Global
	GlobalSection(SolutionConfigurationPlatforms) = preSolution
		Debug|Any CPU = Debug|Any CPU
		Release|Any CPU = Release|Any CPU
	EndGlobalSection
	GlobalSection(ProjectConfigurationPlatforms) = postSolution
		{8233F548-8006-40A3-B5FB-73B08602919A}.Debug|Any CPU.ActiveCfg = Debug|Any CPU
		{8233F548-8006-40A3-B5FB-73B08602919A}.Debug|Any CPU.Build.0 = Debug|Any CPU
		{8233F548-8006-40A3-B5FB-73B08602919A}.Release|Any CPU.ActiveCfg = Release|Any CPU
		{8233F548-8006-40A3-B5FB-73B08602919A}.Release|Any CPU.Build.0 = Release|Any CPU
	EndGlobalSection
	GlobalSection(SolutionProperties) = preSolution
		HideSolutionNode = FALSE
	EndGlobalSection
	GlobalSection(ExtensibilityGlobals) = postSolution
		SolutionGuid = {067E1E4B-487B-45B5-AD79-66B46AA87627}
	EndGlobalSection
EndGlobal
